
Microsoft Visual Studio Solution File, Format Version 12.00
# Visual Studio Version 17
VisualStudioVersion = 17.14.36414.22 d17.14
MinimumVisualStudioVersion = 10.0.40219.1
Project("{FAE04EC0-301F-11D3-BF4B-00C04F79EFBC}") = "NLog.Targets.WebService", "src\NLog.Targets.WebService\NLog.Targets.WebService.csproj", "{0D5F2AE1-DB7B-F884-3A84-2AAC408ED291}"
EndProject
Project("{FAE04EC0-301F-11D3-BF4B-00C04F79EFBC}") = "NLog.Targets.WebService.Tests", "tests\NLog.Targets.WebService.Tests\NLog.Targets.WebService.Tests.csproj", "{D4798DE4-B4ED-035E-DE50-A6A5437C8F7B}"
EndProject
Project("{2150E333-8FDC-42A3-9474-1A3956D46DE8}") = "Solution Items", "Solution Items", "{8EC462FD-D22E-90A8-E5CE-7E832BA40C5D}"
	ProjectSection(SolutionItems) = preProject
		appveyor.yml = appveyor.yml
	EndProjectSection
EndProject
Global
	GlobalSection(SolutionConfigurationPlatforms) = preSolution
		Debug|Any CPU = Debug|Any CPU
		Release|Any CPU = Release|Any CPU
	EndGlobalSection
	GlobalSection(ProjectConfigurationPlatforms) = postSolution
		{0D5F2AE1-DB7B-F884-3A84-2AAC408ED291}.Debug|Any CPU.ActiveCfg = Debug|Any CPU
		{0D5F2AE1-DB7B-F884-3A84-2AAC408ED291}.Debug|Any CPU.Build.0 = Debug|Any CPU
		{0D5F2AE1-DB7B-F884-3A84-2AAC408ED291}.Release|Any CPU.ActiveCfg = Release|Any CPU
		{0D5F2AE1-DB7B-F884-3A84-2AAC408ED291}.Release|Any CPU.Build.0 = Release|Any CPU
		{D4798DE4-B4ED-035E-DE50-A6A5437C8F7B}.Debug|Any CPU.ActiveCfg = Debug|Any CPU
		{D4798DE4-B4ED-035E-DE50-A6A5437C8F7B}.Debug|Any CPU.Build.0 = Debug|Any CPU
		{D4798DE4-B4ED-035E-DE50-A6A5437C8F7B}.Release|Any CPU.ActiveCfg = Release|Any CPU
		{D4798DE4-B4ED-035E-DE50-A6A5437C8F7B}.Release|Any CPU.Build.0 = Release|Any CPU
	EndGlobalSection
	GlobalSection(SolutionProperties) = preSolution
		HideSolutionNode = FALSE
	EndGlobalSection
	GlobalSection(ExtensibilityGlobals) = postSolution
		SolutionGuid = {3060B07D-7365-4986-981E-7A03F30DF9C9}
	EndGlobalSection
EndGlobal
